
Microsoft Visual Studio Solution File, Format Version 12.00
# Visual Studio Version 17
VisualStudioVersion = 17.4.33213.308
MinimumVisualStudioVersion = 10.0.40219.1
Project("{2150E333-8FDC-42A3-9474-1A3956D46DE8}") = "src", "src", "{6E97F65E-78BD-4461-9CEA-117A8D518802}"
EndProject
Project("{9A19103F-16F7-4668-BE54-9A1E7A4F7556}") = "Yggdrasil.Host.Abstractions", "src\Yggdrasil.Host.Abstractions\Yggdrasil.Host.Abstractions.csproj", "{BA9897A0-83F0-43CE-BB0F-4DA3AA7FC990}"
EndProject
Project("{9A19103F-16F7-4668-BE54-9A1E7A4F7556}") = "Yggdrasil.Host", "src\Yggdrasil.Host\Yggdrasil.Host.csproj", "{8BB3C221-2231-4630-8DD8-2F44513F98B3}"
EndProject
Project("{9A19103F-16F7-4668-BE54-9A1E7A4F7556}") = "Yggdrasil.Abstractions", "src\Yggdrasil.Abstractions\Yggdrasil.Abstractions.csproj", "{13A8CBEB-0CD0-43B9-AFAD-E2800F9BDC87}"
EndProject
Project("{9A19103F-16F7-4668-BE54-9A1E7A4F7556}") = "Yggdrasil.Logging.Serilog", "src\Yggdrasil.Logging.Serilog\Yggdrasil.Logging.Serilog.csproj", "{58E6174E-6098-4E51-963C-9FCEF5B5C907}"
EndProject
Project("{9A19103F-16F7-4668-BE54-9A1E7A4F7556}") = "Yggdrasil.Logging.Abstractions", "src\Yggdrasil.Logging.Abstractions\Yggdrasil.Logging.Abstractions.csproj", "{F4A197C2-A14C-47EE-B9EB-AE8FFDF744C4}"
EndProject
Project("{2150E333-8FDC-42A3-9474-1A3956D46DE8}") = "web", "web", "{B9D10A27-4B47-436F-B497-8BFFED582E47}"
EndProject
Project("{9A19103F-16F7-4668-BE54-9A1E7A4F7556}") = "Yggdrasil.Web.Blazor", "src\web\Yggdrasil.Web.Blazor\Yggdrasil.Web.Blazor.csproj", "{B86A91C3-26DD-4F2A-8811-4B8BCF711E18}"
EndProject
Project("{2150E333-8FDC-42A3-9474-1A3956D46DE8}") = "sandbox", "sandbox", "{868D2C37-CD8A-4F29-977D-267F20607465}"
EndProject
Project("{2150E333-8FDC-42A3-9474-1A3956D46DE8}") = "blazor", "blazor", "{59C0F2F8-540F-4209-A717-06DAA7045971}"
EndProject
Project("{9A19103F-16F7-4668-BE54-9A1E7A4F7556}") = "Yggdrasil.Sandbox.FrontEnd", "sandbox\blazor\Yggdrasil.Sandbox.FrontEnd\Yggdrasil.Sandbox.FrontEnd.csproj", "{6ACE1939-AC74-4EA1-97DE-7E65D41A0DB3}"
EndProject
Project("{9A19103F-16F7-4668-BE54-9A1E7A4F7556}") = "Yggdrasil.Web", "src\web\Yggdrasil.Web\Yggdrasil.Web.csproj", "{AFE648B4-275F-453F-8778-2B2F27ABC362}"
EndProject
Project("{2150E333-8FDC-42A3-9474-1A3956D46DE8}") = "apis", "apis", "{C7FFCC08-8CE3-4B3A-9307-421F2063EB50}"
EndProject
Project("{9A19103F-16F7-4668-BE54-9A1E7A4F7556}") = "Yggdrasil.Extensions", "src\Yggdrasil.Extensions\Yggdrasil.Extensions.csproj", "{B130E28C-3CCF-4CAE-A9D6-B338E1BA3122}"
EndProject
Project("{2150E333-8FDC-42A3-9474-1A3956D46DE8}") = "imports", "imports", "{AB85F739-01A0-4235-846A-2F163756C614}"
EndProject
Project("{9A19103F-16F7-4668-BE54-9A1E7A4F7556}") = "Yggdrasil.Imports.Api", "sandbox\apis\imports\Yggdrasil.Imports.Api\Yggdrasil.Imports.Api.csproj", "{319DD108-EAC0-4C82-BEE6-5E6D3ED962C3}"
EndProject
Project("{9A19103F-16F7-4668-BE54-9A1E7A4F7556}") = "Yggdrasil.Imports.Domain", "sandbox\apis\imports\Yggdrasil.Imports.Domain\Yggdrasil.Imports.Domain.csproj", "{1CE936D3-883B-4B52-940E-1E8A8707DD2A}"
EndProject
Project("{9A19103F-16F7-4668-BE54-9A1E7A4F7556}") = "Yggdrasil.Imports.Infrastructure", "sandbox\apis\imports\Yggdrasil.Imports.Infrastructure\Yggdrasil.Imports.Infrastructure.csproj", "{CD211563-9CBC-483D-B1D7-54E64763E2FD}"
EndProject
Project("{9A19103F-16F7-4668-BE54-9A1E7A4F7556}") = "Yggdrasil.Dispatch.Abstractions", "src\Yggdrasil.Dispatch.Abstractions\Yggdrasil.Dispatch.Abstractions.csproj", "{18CC85D5-7EAD-4BB4-8A8C-6396DC87C3B6}"
EndProject
Project("{9A19103F-16F7-4668-BE54-9A1E7A4F7556}") = "Yggdrasil.Dispatch", "src\Yggdrasil.Dispatch\Yggdrasil.Dispatch.csproj", "{2D95B873-189A-45D1-B112-5E60EB3E247D}"
EndProject
Project("{2150E333-8FDC-42A3-9474-1A3956D46DE8}") = "vehicles", "vehicles", "{675E8511-267E-4DF2-836C-A608FADE49B4}"
EndProject
Project("{9A19103F-16F7-4668-BE54-9A1E7A4F7556}") = "Yggdrasil.Vehicles.Api", "sandbox\apis\vehicles\Yggdrasil.Vehicles.Api\Yggdrasil.Vehicles.Api.csproj", "{CFC227B5-93BA-42CE-B9C3-F8F1BEF84C82}"
EndProject
Project("{9A19103F-16F7-4668-BE54-9A1E7A4F7556}") = "Yggdrasil.Vehicles.Proto", "sandbox\apis\vehicles\Yggdrasil.Vehicles.Proto\Yggdrasil.Vehicles.Proto.csproj", "{BA594561-2B86-4544-9B7E-521A2282EBD7}"
EndProject
Project("{9A19103F-16F7-4668-BE54-9A1E7A4F7556}") = "Yggdrasil.Web.Grpc", "src\web\Yggdrasil.Web.Grpc\Yggdrasil.Web.Grpc.csproj", "{1D97B4F9-B6D1-4D55-805D-B36B632E57D3}"
EndProject
Project("{9A19103F-16F7-4668-BE54-9A1E7A4F7556}") = "Yggdrasil.Vehicles.Domain", "sandbox\apis\vehicles\Yggdrasil.Vehicles.Domain\Yggdrasil.Vehicles.Domain.csproj", "{FF5B78F3-D103-45E5-AC5E-8A2FA8BBC149}"
EndProject
Project("{9A19103F-16F7-4668-BE54-9A1E7A4F7556}") = "Yggdrasil.Vehicles.Infrastructure", "sandbox\apis\vehicles\Yggdrasil.Vehicles.Infrastructure\Yggdrasil.Vehicles.Infrastructure.csproj", "{C2990562-E253-4616-BED2-EE74CF0E84D8}"
EndProject
Project("{2150E333-8FDC-42A3-9474-1A3956D46DE8}") = "mobile", "mobile", "{57AE749B-E8BF-4B38-99A6-49C0357AF4B2}"
EndProject
Project("{FAE04EC0-301F-11D3-BF4B-00C04F79EFBC}") = "Yggdrasil.Mobile.Host", "src\mobile\Yggdrasil.Mobile.Host\Yggdrasil.Mobile.Host.csproj", "{70D0F173-E1EC-40F1-AC0E-1546D3829306}"
EndProject
Project("{2150E333-8FDC-42A3-9474-1A3956D46DE8}") = "mobile", "mobile", "{3B297CB2-0C4E-42BF-8464-13598CCBA703}"
EndProject
Project("{FAE04EC0-301F-11D3-BF4B-00C04F79EFBC}") = "Yggdrasil.Mobile.Sandbox", "sandbox\mobile\Yggdrasil.Mobile.Sandbox\Yggdrasil.Mobile.Sandbox.csproj", "{A8FDF3E7-2392-4465-9364-BCD53A4ABAB9}"
EndProject
Project("{FAE04EC0-301F-11D3-BF4B-00C04F79EFBC}") = "Yggdrasil.Mobile.Seller", "sandbox\mobile\Yggdrasil.Mobile.Seller\Yggdrasil.Mobile.Seller.csproj", "{C047335B-A9DC-4DA9-951B-303D4AAD989B}"
EndProject
Project("{FAE04EC0-301F-11D3-BF4B-00C04F79EFBC}") = "Yggdrasil.Mobile", "src\mobile\Yggdrasil.Mobile\Yggdrasil.Mobile.csproj", "{42D06EBE-6209-49F4-898E-C7A86A369919}"
EndProject
Global
	GlobalSection(SolutionConfigurationPlatforms) = preSolution
		Debug|Any CPU = Debug|Any CPU
		Release|Any CPU = Release|Any CPU
	EndGlobalSection
	GlobalSection(ProjectConfigurationPlatforms) = postSolution
		{BA9897A0-83F0-43CE-BB0F-4DA3AA7FC990}.Debug|Any CPU.ActiveCfg = Debug|Any CPU
		{BA9897A0-83F0-43CE-BB0F-4DA3AA7FC990}.Debug|Any CPU.Build.0 = Debug|Any CPU
		{BA9897A0-83F0-43CE-BB0F-4DA3AA7FC990}.Release|Any CPU.ActiveCfg = Release|Any CPU
		{BA9897A0-83F0-43CE-BB0F-4DA3AA7FC990}.Release|Any CPU.Build.0 = Release|Any CPU
		{8BB3C221-2231-4630-8DD8-2F44513F98B3}.Debug|Any CPU.ActiveCfg = Debug|Any CPU
		{8BB3C221-2231-4630-8DD8-2F44513F98B3}.Debug|Any CPU.Build.0 = Debug|Any CPU
		{8BB3C221-2231-4630-8DD8-2F44513F98B3}.Release|Any CPU.ActiveCfg = Release|Any CPU
		{8BB3C221-2231-4630-8DD8-2F44513F98B3}.Release|Any CPU.Build.0 = Release|Any CPU
		{13A8CBEB-0CD0-43B9-AFAD-E2800F9BDC87}.Debug|Any CPU.ActiveCfg = Debug|Any CPU
		{13A8CBEB-0CD0-43B9-AFAD-E2800F9BDC87}.Debug|Any CPU.Build.0 = Debug|Any CPU
		{13A8CBEB-0CD0-43B9-AFAD-E2800F9BDC87}.Release|Any CPU.ActiveCfg = Release|Any CPU
		{13A8CBEB-0CD0-43B9-AFAD-E2800F9BDC87}.Release|Any CPU.Build.0 = Release|Any CPU
		{58E6174E-6098-4E51-963C-9FCEF5B5C907}.Debug|Any CPU.ActiveCfg = Debug|Any CPU
		{58E6174E-6098-4E51-963C-9FCEF5B5C907}.Debug|Any CPU.Build.0 = Debug|Any CPU
		{58E6174E-6098-4E51-963C-9FCEF5B5C907}.Release|Any CPU.ActiveCfg = Release|Any CPU
		{58E6174E-6098-4E51-963C-9FCEF5B5C907}.Release|Any CPU.Build.0 = Release|Any CPU
		{F4A197C2-A14C-47EE-B9EB-AE8FFDF744C4}.Debug|Any CPU.ActiveCfg = Debug|Any CPU
		{F4A197C2-A14C-47EE-B9EB-AE8FFDF744C4}.Debug|Any CPU.Build.0 = Debug|Any CPU
		{F4A197C2-A14C-47EE-B9EB-AE8FFDF744C4}.Release|Any CPU.ActiveCfg = Release|Any CPU
		{F4A197C2-A14C-47EE-B9EB-AE8FFDF744C4}.Release|Any CPU.Build.0 = Release|Any CPU
		{B86A91C3-26DD-4F2A-8811-4B8BCF711E18}.Debug|Any CPU.ActiveCfg = Debug|Any CPU
		{B86A91C3-26DD-4F2A-8811-4B8BCF711E18}.Debug|Any CPU.Build.0 = Debug|Any CPU
		{B86A91C3-26DD-4F2A-8811-4B8BCF711E18}.Release|Any CPU.ActiveCfg = Release|Any CPU
		{B86A91C3-26DD-4F2A-8811-4B8BCF711E18}.Release|Any CPU.Build.0 = Release|Any CPU
		{6ACE1939-AC74-4EA1-97DE-7E65D41A0DB3}.Debug|Any CPU.ActiveCfg = Debug|Any CPU
		{6ACE1939-AC74-4EA1-97DE-7E65D41A0DB3}.Debug|Any CPU.Build.0 = Debug|Any CPU
		{6ACE1939-AC74-4EA1-97DE-7E65D41A0DB3}.Release|Any CPU.ActiveCfg = Release|Any CPU
		{6ACE1939-AC74-4EA1-97DE-7E65D41A0DB3}.Release|Any CPU.Build.0 = Release|Any CPU
		{AFE648B4-275F-453F-8778-2B2F27ABC362}.Debug|Any CPU.ActiveCfg = Debug|Any CPU
		{AFE648B4-275F-453F-8778-2B2F27ABC362}.Debug|Any CPU.Build.0 = Debug|Any CPU
		{AFE648B4-275F-453F-8778-2B2F27ABC362}.Release|Any CPU.ActiveCfg = Release|Any CPU
		{AFE648B4-275F-453F-8778-2B2F27ABC362}.Release|Any CPU.Build.0 = Release|Any CPU
		{B130E28C-3CCF-4CAE-A9D6-B338E1BA3122}.Debug|Any CPU.ActiveCfg = Debug|Any CPU
		{B130E28C-3CCF-4CAE-A9D6-B338E1BA3122}.Debug|Any CPU.Build.0 = Debug|Any CPU
		{B130E28C-3CCF-4CAE-A9D6-B338E1BA3122}.Release|Any CPU.ActiveCfg = Release|Any CPU
		{B130E28C-3CCF-4CAE-A9D6-B338E1BA3122}.Release|Any CPU.Build.0 = Release|Any CPU
		{319DD108-EAC0-4C82-BEE6-5E6D3ED962C3}.Debug|Any CPU.ActiveCfg = Debug|Any CPU
		{319DD108-EAC0-4C82-BEE6-5E6D3ED962C3}.Debug|Any CPU.Build.0 = Debug|Any CPU
		{319DD108-EAC0-4C82-BEE6-5E6D3ED962C3}.Release|Any CPU.ActiveCfg = Release|Any CPU
		{319DD108-EAC0-4C82-BEE6-5E6D3ED962C3}.Release|Any CPU.Build.0 = Release|Any CPU
		{1CE936D3-883B-4B52-940E-1E8A8707DD2A}.Debug|Any CPU.ActiveCfg = Debug|Any CPU
		{1CE936D3-883B-4B52-940E-1E8A8707DD2A}.Debug|Any CPU.Build.0 = Debug|Any CPU
		{1CE936D3-883B-4B52-940E-1E8A8707DD2A}.Release|Any CPU.ActiveCfg = Release|Any CPU
		{1CE936D3-883B-4B52-940E-1E8A8707DD2A}.Release|Any CPU.Build.0 = Release|Any CPU
		{CD211563-9CBC-483D-B1D7-54E64763E2FD}.Debug|Any CPU.ActiveCfg = Debug|Any CPU
		{CD211563-9CBC-483D-B1D7-54E64763E2FD}.Debug|Any CPU.Build.0 = Debug|Any CPU
		{CD211563-9CBC-483D-B1D7-54E64763E2FD}.Release|Any CPU.ActiveCfg = Release|Any CPU
		{CD211563-9CBC-483D-B1D7-54E64763E2FD}.Release|Any CPU.Build.0 = Release|Any CPU
		{18CC85D5-7EAD-4BB4-8A8C-6396DC87C3B6}.Debug|Any CPU.ActiveCfg = Debug|Any CPU
		{18CC85D5-7EAD-4BB4-8A8C-6396DC87C3B6}.Debug|Any CPU.Build.0 = Debug|Any CPU
		{18CC85D5-7EAD-4BB4-8A8C-6396DC87C3B6}.Release|Any CPU.ActiveCfg = Release|Any CPU
		{18CC85D5-7EAD-4BB4-8A8C-6396DC87C3B6}.Release|Any CPU.Build.0 = Release|Any CPU
		{2D95B873-189A-45D1-B112-5E60EB3E247D}.Debug|Any CPU.ActiveCfg = Debug|Any CPU
		{2D95B873-189A-45D1-B112-5E60EB3E247D}.Debug|Any CPU.Build.0 = Debug|Any CPU
		{2D95B873-189A-45D1-B112-5E60EB3E247D}.Release|Any CPU.ActiveCfg = Release|Any CPU
		{2D95B873-189A-45D1-B112-5E60EB3E247D}.Release|Any CPU.Build.0 = Release|Any CPU
		{CFC227B5-93BA-42CE-B9C3-F8F1BEF84C82}.Debug|Any CPU.ActiveCfg = Debug|Any CPU
		{CFC227B5-93BA-42CE-B9C3-F8F1BEF84C82}.Debug|Any CPU.Build.0 = Debug|Any CPU
		{CFC227B5-93BA-42CE-B9C3-F8F1BEF84C82}.Release|Any CPU.ActiveCfg = Release|Any CPU
		{CFC227B5-93BA-42CE-B9C3-F8F1BEF84C82}.Release|Any CPU.Build.0 = Release|Any CPU
		{BA594561-2B86-4544-9B7E-521A2282EBD7}.Debug|Any CPU.ActiveCfg = Debug|Any CPU
		{BA594561-2B86-4544-9B7E-521A2282EBD7}.Debug|Any CPU.Build.0 = Debug|Any CPU
		{BA594561-2B86-4544-9B7E-521A2282EBD7}.Release|Any CPU.ActiveCfg = Release|Any CPU
		{BA594561-2B86-4544-9B7E-521A2282EBD7}.Release|Any CPU.Build.0 = Release|Any CPU
		{1D97B4F9-B6D1-4D55-805D-B36B632E57D3}.Debug|Any CPU.ActiveCfg = Debug|Any CPU
		{1D97B4F9-B6D1-4D55-805D-B36B632E57D3}.Debug|Any CPU.Build.0 = Debug|Any CPU
		{1D97B4F9-B6D1-4D55-805D-B36B632E57D3}.Release|Any CPU.ActiveCfg = Release|Any CPU
		{1D97B4F9-B6D1-4D55-805D-B36B632E57D3}.Release|Any CPU.Build.0 = Release|Any CPU
		{FF5B78F3-D103-45E5-AC5E-8A2FA8BBC149}.Debug|Any CPU.ActiveCfg = Debug|Any CPU
		{FF5B78F3-D103-45E5-AC5E-8A2FA8BBC149}.Debug|Any CPU.Build.0 = Debug|Any CPU
		{FF5B78F3-D103-45E5-AC5E-8A2FA8BBC149}.Release|Any CPU.ActiveCfg = Release|Any CPU
		{FF5B78F3-D103-45E5-AC5E-8A2FA8BBC149}.Release|Any CPU.Build.0 = Release|Any CPU
		{C2990562-E253-4616-BED2-EE74CF0E84D8}.Debug|Any CPU.ActiveCfg = Debug|Any CPU
		{C2990562-E253-4616-BED2-EE74CF0E84D8}.Debug|Any CPU.Build.0 = Debug|Any CPU
		{C2990562-E253-4616-BED2-EE74CF0E84D8}.Release|Any CPU.ActiveCfg = Release|Any CPU
		{C2990562-E253-4616-BED2-EE74CF0E84D8}.Release|Any CPU.Build.0 = Release|Any CPU
		{70D0F173-E1EC-40F1-AC0E-1546D3829306}.Debug|Any CPU.ActiveCfg = Debug|Any CPU
		{70D0F173-E1EC-40F1-AC0E-1546D3829306}.Debug|Any CPU.Build.0 = Debug|Any CPU
		{70D0F173-E1EC-40F1-AC0E-1546D3829306}.Release|Any CPU.ActiveCfg = Release|Any CPU
		{70D0F173-E1EC-40F1-AC0E-1546D3829306}.Release|Any CPU.Build.0 = Release|Any CPU
		{A8FDF3E7-2392-4465-9364-BCD53A4ABAB9}.Debug|Any CPU.ActiveCfg = Debug|Any CPU
		{A8FDF3E7-2392-4465-9364-BCD53A4ABAB9}.Debug|Any CPU.Build.0 = Debug|Any CPU
		{A8FDF3E7-2392-4465-9364-BCD53A4ABAB9}.Debug|Any CPU.Deploy.0 = Debug|Any CPU
		{A8FDF3E7-2392-4465-9364-BCD53A4ABAB9}.Release|Any CPU.ActiveCfg = Release|Any CPU
		{A8FDF3E7-2392-4465-9364-BCD53A4ABAB9}.Release|Any CPU.Build.0 = Release|Any CPU
		{A8FDF3E7-2392-4465-9364-BCD53A4ABAB9}.Release|Any CPU.Deploy.0 = Release|Any CPU
		{C047335B-A9DC-4DA9-951B-303D4AAD989B}.Debug|Any CPU.ActiveCfg = Debug|Any CPU
		{C047335B-A9DC-4DA9-951B-303D4AAD989B}.Debug|Any CPU.Build.0 = Debug|Any CPU
		{C047335B-A9DC-4DA9-951B-303D4AAD989B}.Release|Any CPU.ActiveCfg = Release|Any CPU
		{C047335B-A9DC-4DA9-951B-303D4AAD989B}.Release|Any CPU.Build.0 = Release|Any CPU
		{42D06EBE-6209-49F4-898E-C7A86A369919}.Debug|Any CPU.ActiveCfg = Debug|Any CPU
		{42D06EBE-6209-49F4-898E-C7A86A369919}.Debug|Any CPU.Build.0 = Debug|Any CPU
		{42D06EBE-6209-49F4-898E-C7A86A369919}.Release|Any CPU.ActiveCfg = Release|Any CPU
		{42D06EBE-6209-49F4-898E-C7A86A369919}.Release|Any CPU.Build.0 = Release|Any CPU
	EndGlobalSection
	GlobalSection(SolutionProperties) = preSolution
		HideSolutionNode = FALSE
	EndGlobalSection
	GlobalSection(NestedProjects) = preSolution
		{BA9897A0-83F0-43CE-BB0F-4DA3AA7FC990} = {6E97F65E-78BD-4461-9CEA-117A8D518802}
		{8BB3C221-2231-4630-8DD8-2F44513F98B3} = {6E97F65E-78BD-4461-9CEA-117A8D518802}
		{13A8CBEB-0CD0-43B9-AFAD-E2800F9BDC87} = {6E97F65E-78BD-4461-9CEA-117A8D518802}
		{58E6174E-6098-4E51-963C-9FCEF5B5C907} = {6E97F65E-78BD-4461-9CEA-117A8D518802}
		{F4A197C2-A14C-47EE-B9EB-AE8FFDF744C4} = {6E97F65E-78BD-4461-9CEA-117A8D518802}
		{B9D10A27-4B47-436F-B497-8BFFED582E47} = {6E97F65E-78BD-4461-9CEA-117A8D518802}
		{B86A91C3-26DD-4F2A-8811-4B8BCF711E18} = {B9D10A27-4B47-436F-B497-8BFFED582E47}
		{59C0F2F8-540F-4209-A717-06DAA7045971} = {868D2C37-CD8A-4F29-977D-267F20607465}
		{6ACE1939-AC74-4EA1-97DE-7E65D41A0DB3} = {59C0F2F8-540F-4209-A717-06DAA7045971}
		{AFE648B4-275F-453F-8778-2B2F27ABC362} = {B9D10A27-4B47-436F-B497-8BFFED582E47}
		{C7FFCC08-8CE3-4B3A-9307-421F2063EB50} = {868D2C37-CD8A-4F29-977D-267F20607465}
		{B130E28C-3CCF-4CAE-A9D6-B338E1BA3122} = {6E97F65E-78BD-4461-9CEA-117A8D518802}
		{AB85F739-01A0-4235-846A-2F163756C614} = {C7FFCC08-8CE3-4B3A-9307-421F2063EB50}
		{319DD108-EAC0-4C82-BEE6-5E6D3ED962C3} = {AB85F739-01A0-4235-846A-2F163756C614}
		{1CE936D3-883B-4B52-940E-1E8A8707DD2A} = {AB85F739-01A0-4235-846A-2F163756C614}
		{CD211563-9CBC-483D-B1D7-54E64763E2FD} = {AB85F739-01A0-4235-846A-2F163756C614}
		{18CC85D5-7EAD-4BB4-8A8C-6396DC87C3B6} = {6E97F65E-78BD-4461-9CEA-117A8D518802}
		{2D95B873-189A-45D1-B112-5E60EB3E247D} = {6E97F65E-78BD-4461-9CEA-117A8D518802}
		{675E8511-267E-4DF2-836C-A608FADE49B4} = {C7FFCC08-8CE3-4B3A-9307-421F2063EB50}
		{CFC227B5-93BA-42CE-B9C3-F8F1BEF84C82} = {675E8511-267E-4DF2-836C-A608FADE49B4}
		{BA594561-2B86-4544-9B7E-521A2282EBD7} = {675E8511-267E-4DF2-836C-A608FADE49B4}
		{1D97B4F9-B6D1-4D55-805D-B36B632E57D3} = {B9D10A27-4B47-436F-B497-8BFFED582E47}
		{FF5B78F3-D103-45E5-AC5E-8A2FA8BBC149} = {675E8511-267E-4DF2-836C-A608FADE49B4}
		{C2990562-E253-4616-BED2-EE74CF0E84D8} = {675E8511-267E-4DF2-836C-A608FADE49B4}
		{57AE749B-E8BF-4B38-99A6-49C0357AF4B2} = {6E97F65E-78BD-4461-9CEA-117A8D518802}
		{70D0F173-E1EC-40F1-AC0E-1546D3829306} = {57AE749B-E8BF-4B38-99A6-49C0357AF4B2}
		{3B297CB2-0C4E-42BF-8464-13598CCBA703} = {868D2C37-CD8A-4F29-977D-267F20607465}
		{A8FDF3E7-2392-4465-9364-BCD53A4ABAB9} = {3B297CB2-0C4E-42BF-8464-13598CCBA703}
		{C047335B-A9DC-4DA9-951B-303D4AAD989B} = {3B297CB2-0C4E-42BF-8464-13598CCBA703}
		{42D06EBE-6209-49F4-898E-C7A86A369919} = {57AE749B-E8BF-4B38-99A6-49C0357AF4B2}
	EndGlobalSection
	GlobalSection(ExtensibilityGlobals) = postSolution
		SolutionGuid = {EFDD79C5-AF7F-489B-888F-3CB3911019E1}
	EndGlobalSection
EndGlobal
